
Microsoft Visual Studio Solution File, Format Version 12.00
# Visual Studio Version 17
VisualStudioVersion = 17.4.33213.308
MinimumVisualStudioVersion = 10.0.40219.1
Project("{9A19103F-16F7-4668-BE54-9A1E7A4F7556}") = "AspNetSaml", "AspNetSaml\AspNetSaml.csproj", "{E52EF883-4403-4CC6-A7B4-4676A83E8E94}"
EndProject
Project("{FAE04EC0-301F-11D3-BF4B-00C04F79EFBC}") = "AspNetSaml.Tests", "AspNetSaml.Tests\AspNetSaml.Tests.csproj", "{6633016C-09D8-4B86-876A-6A6E995D5734}"
EndProject
Global
	GlobalSection(SolutionConfigurationPlatforms) = preSolution
		Debug|Any CPU = Debug|Any CPU
		Release|Any CPU = Release|Any CPU
	EndGlobalSection
	GlobalSection(ProjectConfigurationPlatforms) = postSolution
		{E52EF883-4403-4CC6-A7B4-4676A83E8E94}.Debug|Any CPU.ActiveCfg = Debug|Any CPU
		{E52EF883-4403-4CC6-A7B4-4676A83E8E94}.Debug|Any CPU.Build.0 = Debug|Any CPU
		{E52EF883-4403-4CC6-A7B4-4676A83E8E94}.Release|Any CPU.ActiveCfg = Release|Any CPU
		{E52EF883-4403-4CC6-A7B4-4676A83E8E94}.Release|Any CPU.Build.0 = Release|Any CPU
		{6633016C-09D8-4B86-876A-6A6E995D5734}.Debug|Any CPU.ActiveCfg = Debug|Any CPU
		{6633016C-09D8-4B86-876A-6A6E995D5734}.Debug|Any CPU.Build.0 = Debug|Any CPU
		{6633016C-09D8-4B86-876A-6A6E995D5734}.Release|Any CPU.ActiveCfg = Release|Any CPU
		{6633016C-09D8-4B86-876A-6A6E995D5734}.Release|Any CPU.Build.0 = Release|Any CPU
	EndGlobalSection
	GlobalSection(SolutionProperties) = preSolution
		HideSolutionNode = FALSE
	EndGlobalSection
	GlobalSection(ExtensibilityGlobals) = postSolution
		SolutionGuid = {C07DD55F-FC63-4715-AC41-E6879797FABA}
	EndGlobalSection
EndGlobal
